
Microsoft Visual Studio Solution File, Format Version 12.00
# Visual Studio Version 17
VisualStudioVersion = 17.10.35013.160
MinimumVisualStudioVersion = 10.0.40219.1
Project("{9A19103F-16F7-4668-BE54-9A1E7A4F7556}") = "VK_Notifyer", "VK_Notifyer\VK_Notifyer.csproj", "{AF5BA167-8853-41F8-82F2-BE855720601F}"
	ProjectSection(ProjectDependencies) = postProject
		{906F136F-3B04-4F50-8B0A-CC716387A120} = {906F136F-3B04-4F50-8B0A-CC716387A120}
	EndProjectSection
EndProject
Project("{9A19103F-16F7-4668-BE54-9A1E7A4F7556}") = "NotificationManager", "NotificationManager\NotificationManager.csproj", "{906F136F-3B04-4F50-8B0A-CC716387A120}"
EndProject
Global
	GlobalSection(SolutionConfigurationPlatforms) = preSolution
		Debug|Any CPU = Debug|Any CPU
		Debug|x64 = Debug|x64
		Debug|x86 = Debug|x86
		Release|Any CPU = Release|Any CPU
		Release|x64 = Release|x64
		Release|x86 = Release|x86
	EndGlobalSection
	GlobalSection(ProjectConfigurationPlatforms) = postSolution
		{AF5BA167-8853-41F8-82F2-BE855720601F}.Debug|Any CPU.ActiveCfg = Debug|Any CPU
		{AF5BA167-8853-41F8-82F2-BE855720601F}.Debug|Any CPU.Build.0 = Debug|Any CPU
		{AF5BA167-8853-41F8-82F2-BE855720601F}.Debug|x64.ActiveCfg = Debug|Any CPU
		{AF5BA167-8853-41F8-82F2-BE855720601F}.Debug|x64.Build.0 = Debug|Any CPU
		{AF5BA167-8853-41F8-82F2-BE855720601F}.Debug|x86.ActiveCfg = Debug|Any CPU
		{AF5BA167-8853-41F8-82F2-BE855720601F}.Debug|x86.Build.0 = Debug|Any CPU
		{AF5BA167-8853-41F8-82F2-BE855720601F}.Release|Any CPU.ActiveCfg = Release|Any CPU
		{AF5BA167-8853-41F8-82F2-BE855720601F}.Release|Any CPU.Build.0 = Release|Any CPU
		{AF5BA167-8853-41F8-82F2-BE855720601F}.Release|x64.ActiveCfg = Release|Any CPU
		{AF5BA167-8853-41F8-82F2-BE855720601F}.Release|x64.Build.0 = Release|Any CPU
		{AF5BA167-8853-41F8-82F2-BE855720601F}.Release|x86.ActiveCfg = Release|Any CPU
		{AF5BA167-8853-41F8-82F2-BE855720601F}.Release|x86.Build.0 = Release|Any CPU
		{906F136F-3B04-4F50-8B0A-CC716387A120}.Debug|Any CPU.ActiveCfg = Debug|Any CPU
		{906F136F-3B04-4F50-8B0A-CC716387A120}.Debug|Any CPU.Build.0 = Debug|Any CPU
		{906F136F-3B04-4F50-8B0A-CC716387A120}.Debug|x64.ActiveCfg = Debug|Any CPU
		{906F136F-3B04-4F50-8B0A-CC716387A120}.Debug|x64.Build.0 = Debug|Any CPU
		{906F136F-3B04-4F50-8B0A-CC716387A120}.Debug|x86.ActiveCfg = Debug|Any CPU
		{906F136F-3B04-4F50-8B0A-CC716387A120}.Debug|x86.Build.0 = Debug|Any CPU
		{906F136F-3B04-4F50-8B0A-CC716387A120}.Release|Any CPU.ActiveCfg = Release|Any CPU
		{906F136F-3B04-4F50-8B0A-CC716387A120}.Release|Any CPU.Build.0 = Release|Any CPU
		{906F136F-3B04-4F50-8B0A-CC716387A120}.Release|x64.ActiveCfg = Release|Any CPU
		{906F136F-3B04-4F50-8B0A-CC716387A120}.Release|x64.Build.0 = Release|Any CPU
		{906F136F-3B04-4F50-8B0A-CC716387A120}.Release|x86.ActiveCfg = Release|Any CPU
		{906F136F-3B04-4F50-8B0A-CC716387A120}.Release|x86.Build.0 = Release|Any CPU
	EndGlobalSection
	GlobalSection(SolutionProperties) = preSolution
		HideSolutionNode = FALSE
	EndGlobalSection
	GlobalSection(ExtensibilityGlobals) = postSolution
		SolutionGuid = {B01AB5A6-E3D4-432C-8357-38F638ECF6BE}
	EndGlobalSection
EndGlobal
